
Microsoft Visual Studio Solution File, Format Version 12.00
# Visual Studio 15
VisualStudioVersion = 15.0.28307.902
MinimumVisualStudioVersion = 10.0.40219.1
Project("{FAE04EC0-301F-11D3-BF4B-00C04F79EFBC}") = "TestMVC5-Jenkins", "TestMVC5-Jenkins\TestMVC5-Jenkins.csproj", "{65C12F03-DCE3-4357-83F0-5490D4A56F37}"
EndProject
Project("{FAE04EC0-301F-11D3-BF4B-00C04F79EFBC}") = "TestMVC5-Jenkins.Tests", "TestMVC5-Jenkins.Tests\TestMVC5-Jenkins.Tests.csproj", "{650A1518-EB81-4E9E-A5C2-1B80AFA0A7C9}"
EndProject
Global
	GlobalSection(SolutionConfigurationPlatforms) = preSolution
		Debug|Any CPU = Debug|Any CPU
		Release|Any CPU = Release|Any CPU
	EndGlobalSection
	GlobalSection(ProjectConfigurationPlatforms) = postSolution
		{65C12F03-DCE3-4357-83F0-5490D4A56F37}.Debug|Any CPU.ActiveCfg = Debug|Any CPU
		{65C12F03-DCE3-4357-83F0-5490D4A56F37}.Debug|Any CPU.Build.0 = Debug|Any CPU
		{65C12F03-DCE3-4357-83F0-5490D4A56F37}.Release|Any CPU.ActiveCfg = Release|Any CPU
		{65C12F03-DCE3-4357-83F0-5490D4A56F37}.Release|Any CPU.Build.0 = Release|Any CPU
		{650A1518-EB81-4E9E-A5C2-1B80AFA0A7C9}.Debug|Any CPU.ActiveCfg = Debug|Any CPU
		{650A1518-EB81-4E9E-A5C2-1B80AFA0A7C9}.Debug|Any CPU.Build.0 = Debug|Any CPU
		{650A1518-EB81-4E9E-A5C2-1B80AFA0A7C9}.Release|Any CPU.ActiveCfg = Release|Any CPU
		{650A1518-EB81-4E9E-A5C2-1B80AFA0A7C9}.Release|Any CPU.Build.0 = Release|Any CPU
	EndGlobalSection
	GlobalSection(SolutionProperties) = preSolution
		HideSolutionNode = FALSE
	EndGlobalSection
	GlobalSection(ExtensibilityGlobals) = postSolution
		SolutionGuid = {B4266485-8B53-4323-B393-D8523239306C}
	EndGlobalSection
EndGlobal
